
Microsoft Visual Studio Solution File, Format Version 12.00
# Visual Studio Version 16
VisualStudioVersion = 16.0.30330.147
MinimumVisualStudioVersion = 10.0.40219.1
Project("{FAE04EC0-301F-11D3-BF4B-00C04F79EFBC}") = "EjercicioPoo", "EjercicioPoo\EjercicioPoo.csproj", "{59596586-FC64-4D43-A1AB-EC306B5FF390}"
EndProject
Global
	GlobalSection(SolutionConfigurationPlatforms) = preSolution
		Debug|Any CPU = Debug|Any CPU
		Release|Any CPU = Release|Any CPU
	EndGlobalSection
	GlobalSection(ProjectConfigurationPlatforms) = postSolution
		{59596586-FC64-4D43-A1AB-EC306B5FF390}.Debug|Any CPU.ActiveCfg = Debug|Any CPU
		{59596586-FC64-4D43-A1AB-EC306B5FF390}.Debug|Any CPU.Build.0 = Debug|Any CPU
		{59596586-FC64-4D43-A1AB-EC306B5FF390}.Release|Any CPU.ActiveCfg = Release|Any CPU
		{59596586-FC64-4D43-A1AB-EC306B5FF390}.Release|Any CPU.Build.0 = Release|Any CPU
	EndGlobalSection
	GlobalSection(SolutionProperties) = preSolution
		HideSolutionNode = FALSE
	EndGlobalSection
	GlobalSection(ExtensibilityGlobals) = postSolution
		SolutionGuid = {3046E3C7-B6EF-4975-A600-45030D683DCB}
	EndGlobalSection
EndGlobal
